
Microsoft Visual Studio Solution File, Format Version 12.00
# Visual Studio Version 16
VisualStudioVersion = 16.0.30011.22
MinimumVisualStudioVersion = 10.0.40219.1
Project("{FAE04EC0-301F-11D3-BF4B-00C04F79EFBC}") = "kassaSystem", "kassa-system\kassaSystem.csproj", "{A8EE4DDF-1FC9-4E27-BCB5-8F1AC650C723}"
EndProject
Global
	GlobalSection(SolutionConfigurationPlatforms) = preSolution
		Debug|Any CPU = Debug|Any CPU
		Release|Any CPU = Release|Any CPU
	EndGlobalSection
	GlobalSection(ProjectConfigurationPlatforms) = postSolution
		{A8EE4DDF-1FC9-4E27-BCB5-8F1AC650C723}.Debug|Any CPU.ActiveCfg = Debug|Any CPU
		{A8EE4DDF-1FC9-4E27-BCB5-8F1AC650C723}.Debug|Any CPU.Build.0 = Debug|Any CPU
		{A8EE4DDF-1FC9-4E27-BCB5-8F1AC650C723}.Release|Any CPU.ActiveCfg = Release|Any CPU
		{A8EE4DDF-1FC9-4E27-BCB5-8F1AC650C723}.Release|Any CPU.Build.0 = Release|Any CPU
	EndGlobalSection
	GlobalSection(SolutionProperties) = preSolution
		HideSolutionNode = FALSE
	EndGlobalSection
	GlobalSection(ExtensibilityGlobals) = postSolution
		SolutionGuid = {3F81D99C-04FD-4820-AC42-AED3E505530D}
	EndGlobalSection
EndGlobal
